
Microsoft Visual Studio Solution File, Format Version 12.00
# Visual Studio Version 17
VisualStudioVersion = 17.8.34511.84
MinimumVisualStudioVersion = 10.0.40219.1
Project("{9A19103F-16F7-4668-BE54-9A1E7A4F7556}") = "HIOF.V2024.RammeverkAndNet.MBFS.HavnAPI", "HIOF.V2024.RammeverkAndNet.MBFS.HavnAPI\HIOF.V2024.RammeverkAndNet.MBFS.HavnAPI.csproj", "{A9E4EAE0-57E9-4657-A2CF-5534A694EFB5}"
EndProject
Project("{9A19103F-16F7-4668-BE54-9A1E7A4F7556}") = "HIOF.V2024.RammeverkAndNet.MBFS.TestClient", "HIOF.V2024.RammeverkAndNet.MBFS.TestClient\HIOF.V2024.RammeverkAndNet.MBFS.TestClient.csproj", "{98020B54-BF90-4A47-ADAE-8F78BF6B650E}"
EndProject
Project("{9A19103F-16F7-4668-BE54-9A1E7A4F7556}") = "HIOF.V2024.RammeverkAndNet.MBFS.EndringTheRemnantsAPI", "HIOF.V2024.RammeverkAndNet.MBFS.EndringTheRemnantsAPI\HIOF.V2024.RammeverkAndNet.MBFS.EndringTheRemnantsAPI.csproj", "{17E48C15-C3EB-4D16-99AD-139CC8276F77}"
EndProject
Global
	GlobalSection(SolutionConfigurationPlatforms) = preSolution
		Debug|Any CPU = Debug|Any CPU
		Release|Any CPU = Release|Any CPU
	EndGlobalSection
	GlobalSection(ProjectConfigurationPlatforms) = postSolution
		{A9E4EAE0-57E9-4657-A2CF-5534A694EFB5}.Debug|Any CPU.ActiveCfg = Release|Any CPU
		{A9E4EAE0-57E9-4657-A2CF-5534A694EFB5}.Debug|Any CPU.Build.0 = Release|Any CPU
		{A9E4EAE0-57E9-4657-A2CF-5534A694EFB5}.Release|Any CPU.ActiveCfg = Release|Any CPU
		{A9E4EAE0-57E9-4657-A2CF-5534A694EFB5}.Release|Any CPU.Build.0 = Release|Any CPU
		{98020B54-BF90-4A47-ADAE-8F78BF6B650E}.Debug|Any CPU.ActiveCfg = Debug|Any CPU
		{98020B54-BF90-4A47-ADAE-8F78BF6B650E}.Debug|Any CPU.Build.0 = Debug|Any CPU
		{98020B54-BF90-4A47-ADAE-8F78BF6B650E}.Release|Any CPU.ActiveCfg = Release|Any CPU
		{98020B54-BF90-4A47-ADAE-8F78BF6B650E}.Release|Any CPU.Build.0 = Release|Any CPU
		{17E48C15-C3EB-4D16-99AD-139CC8276F77}.Debug|Any CPU.ActiveCfg = Debug|Any CPU
		{17E48C15-C3EB-4D16-99AD-139CC8276F77}.Debug|Any CPU.Build.0 = Debug|Any CPU
		{17E48C15-C3EB-4D16-99AD-139CC8276F77}.Release|Any CPU.ActiveCfg = Release|Any CPU
		{17E48C15-C3EB-4D16-99AD-139CC8276F77}.Release|Any CPU.Build.0 = Release|Any CPU
	EndGlobalSection
	GlobalSection(SolutionProperties) = preSolution
		HideSolutionNode = FALSE
	EndGlobalSection
	GlobalSection(ExtensibilityGlobals) = postSolution
		SolutionGuid = {6488890E-E444-4739-9E44-7EC53C7879F3}
	EndGlobalSection
EndGlobal
